
Microsoft Visual Studio Solution File, Format Version 12.00
# Visual Studio Version 17
VisualStudioVersion = 17.3.32922.545
MinimumVisualStudioVersion = 10.0.40219.1
Project("{FAE04EC0-301F-11D3-BF4B-00C04F79EFBC}") = "WebApplication1", "WebApplication1.csproj", "{EE41CBEB-E23A-46CB-83EE-D979440EF411}"
EndProject
Global
	GlobalSection(SolutionConfigurationPlatforms) = preSolution
		Debug|Any CPU = Debug|Any CPU
		Release|Any CPU = Release|Any CPU
	EndGlobalSection
	GlobalSection(ProjectConfigurationPlatforms) = postSolution
		{EE41CBEB-E23A-46CB-83EE-D979440EF411}.Debug|Any CPU.ActiveCfg = Debug|Any CPU
		{EE41CBEB-E23A-46CB-83EE-D979440EF411}.Debug|Any CPU.Build.0 = Debug|Any CPU
		{EE41CBEB-E23A-46CB-83EE-D979440EF411}.Release|Any CPU.ActiveCfg = Release|Any CPU
		{EE41CBEB-E23A-46CB-83EE-D979440EF411}.Release|Any CPU.Build.0 = Release|Any CPU
	EndGlobalSection
	GlobalSection(SolutionProperties) = preSolution
		HideSolutionNode = FALSE
	EndGlobalSection
	GlobalSection(ExtensibilityGlobals) = postSolution
		SolutionGuid = {A1966193-8024-4550-8471-61FA709ED35B}
	EndGlobalSection
EndGlobal
